
Microsoft Visual Studio Solution File, Format Version 12.00
# Visual Studio Version 17
VisualStudioVersion = 17.9.34728.123
MinimumVisualStudioVersion = 10.0.40219.1
Project("{FAE04EC0-301F-11D3-BF4B-00C04F79EFBC}") = "tarea10", "tarea10.csproj", "{E47FF76E-69EF-4D06-827C-B5EC22F335E4}"
EndProject
Global
	GlobalSection(SolutionConfigurationPlatforms) = preSolution
		Debug|Any CPU = Debug|Any CPU
		Release|Any CPU = Release|Any CPU
	EndGlobalSection
	GlobalSection(ProjectConfigurationPlatforms) = postSolution
		{E47FF76E-69EF-4D06-827C-B5EC22F335E4}.Debug|Any CPU.ActiveCfg = Debug|Any CPU
		{E47FF76E-69EF-4D06-827C-B5EC22F335E4}.Debug|Any CPU.Build.0 = Debug|Any CPU
		{E47FF76E-69EF-4D06-827C-B5EC22F335E4}.Release|Any CPU.ActiveCfg = Release|Any CPU
		{E47FF76E-69EF-4D06-827C-B5EC22F335E4}.Release|Any CPU.Build.0 = Release|Any CPU
	EndGlobalSection
	GlobalSection(SolutionProperties) = preSolution
		HideSolutionNode = FALSE
	EndGlobalSection
	GlobalSection(ExtensibilityGlobals) = postSolution
		SolutionGuid = {6075A616-90EA-4F67-A3BD-19CE4A4436B1}
	EndGlobalSection
EndGlobal
